
Microsoft Visual Studio Solution File, Format Version 12.00
# Visual Studio Version 17
VisualStudioVersion = 17.1.32319.34
MinimumVisualStudioVersion = 10.0.40219.1
Project("{FAE04EC0-301F-11D3-BF4B-00C04F79EFBC}") = "QuanLyTiemCatTocTamMap", "QuanLyTiemCatTocTamMap\QuanLyTiemCatTocTamMap.csproj", "{CE2196E4-DA30-4D79-8322-BBC42C02B65F}"
EndProject
Global
	GlobalSection(SolutionConfigurationPlatforms) = preSolution
		Debug|Any CPU = Debug|Any CPU
		Release|Any CPU = Release|Any CPU
	EndGlobalSection
	GlobalSection(ProjectConfigurationPlatforms) = postSolution
		{CE2196E4-DA30-4D79-8322-BBC42C02B65F}.Debug|Any CPU.ActiveCfg = Debug|Any CPU
		{CE2196E4-DA30-4D79-8322-BBC42C02B65F}.Debug|Any CPU.Build.0 = Debug|Any CPU
		{CE2196E4-DA30-4D79-8322-BBC42C02B65F}.Release|Any CPU.ActiveCfg = Release|Any CPU
		{CE2196E4-DA30-4D79-8322-BBC42C02B65F}.Release|Any CPU.Build.0 = Release|Any CPU
	EndGlobalSection
	GlobalSection(SolutionProperties) = preSolution
		HideSolutionNode = FALSE
	EndGlobalSection
	GlobalSection(ExtensibilityGlobals) = postSolution
		SolutionGuid = {FE144E80-561F-4FC2-A62A-09B2A6320423}
	EndGlobalSection
EndGlobal
